
Microsoft Visual Studio Solution File, Format Version 12.00
# Visual Studio Version 16
VisualStudioVersion = 16.0.30114.105
MinimumVisualStudioVersion = 10.0.40219.1
Project("{FAE04EC0-301F-11D3-BF4B-00C04F79EFBC}") = "RequirementsTestsConsole", "RequirementsTestsConsole\RequirementsTestsConsole.csproj", "{ACBFE73B-4AFA-42C7-9571-19E987AA7C69}"
EndProject
Project("{FAE04EC0-301F-11D3-BF4B-00C04F79EFBC}") = "RequirementsTestsDomain", "RequirementsTestsDomain\RequirementsTestsDomain.csproj", "{3F2167A1-364E-4F93-8346-BAF78D4753A5}"
EndProject
Project("{FAE04EC0-301F-11D3-BF4B-00C04F79EFBC}") = "RequirementsTestsServices", "RequirementsTestsServices\RequirementsTestsServices.csproj", "{B5F5FC35-17C5-43B5-A872-8830E0EFF621}"
EndProject
Project("{2150E333-8FDC-42A3-9474-1A3956D46DE8}") = "Tests", "Tests", "{AC3AB58E-6B24-465E-9273-283D80219BD0}"
EndProject
Project("{FAE04EC0-301F-11D3-BF4B-00C04F79EFBC}") = "RequirementsTestsServices.Tests", "Tests\RequirementsTestsServices.Tests\RequirementsTestsServices.Tests.csproj", "{05C395D4-65DB-4911-BD22-A2A67B1EC570}"
EndProject
Global
	GlobalSection(SolutionConfigurationPlatforms) = preSolution
		Debug|Any CPU = Debug|Any CPU
		Release|Any CPU = Release|Any CPU
	EndGlobalSection
	GlobalSection(SolutionProperties) = preSolution
		HideSolutionNode = FALSE
	EndGlobalSection
	GlobalSection(ProjectConfigurationPlatforms) = postSolution
		{ACBFE73B-4AFA-42C7-9571-19E987AA7C69}.Debug|Any CPU.ActiveCfg = Debug|Any CPU
		{ACBFE73B-4AFA-42C7-9571-19E987AA7C69}.Debug|Any CPU.Build.0 = Debug|Any CPU
		{ACBFE73B-4AFA-42C7-9571-19E987AA7C69}.Release|Any CPU.ActiveCfg = Release|Any CPU
		{ACBFE73B-4AFA-42C7-9571-19E987AA7C69}.Release|Any CPU.Build.0 = Release|Any CPU
		{3F2167A1-364E-4F93-8346-BAF78D4753A5}.Debug|Any CPU.ActiveCfg = Debug|Any CPU
		{3F2167A1-364E-4F93-8346-BAF78D4753A5}.Debug|Any CPU.Build.0 = Debug|Any CPU
		{3F2167A1-364E-4F93-8346-BAF78D4753A5}.Release|Any CPU.ActiveCfg = Release|Any CPU
		{3F2167A1-364E-4F93-8346-BAF78D4753A5}.Release|Any CPU.Build.0 = Release|Any CPU
		{B5F5FC35-17C5-43B5-A872-8830E0EFF621}.Debug|Any CPU.ActiveCfg = Debug|Any CPU
		{B5F5FC35-17C5-43B5-A872-8830E0EFF621}.Debug|Any CPU.Build.0 = Debug|Any CPU
		{B5F5FC35-17C5-43B5-A872-8830E0EFF621}.Release|Any CPU.ActiveCfg = Release|Any CPU
		{B5F5FC35-17C5-43B5-A872-8830E0EFF621}.Release|Any CPU.Build.0 = Release|Any CPU
		{05C395D4-65DB-4911-BD22-A2A67B1EC570}.Debug|Any CPU.ActiveCfg = Debug|Any CPU
		{05C395D4-65DB-4911-BD22-A2A67B1EC570}.Debug|Any CPU.Build.0 = Debug|Any CPU
		{05C395D4-65DB-4911-BD22-A2A67B1EC570}.Release|Any CPU.ActiveCfg = Release|Any CPU
		{05C395D4-65DB-4911-BD22-A2A67B1EC570}.Release|Any CPU.Build.0 = Release|Any CPU
	EndGlobalSection
	GlobalSection(NestedProjects) = preSolution
		{05C395D4-65DB-4911-BD22-A2A67B1EC570} = {AC3AB58E-6B24-465E-9273-283D80219BD0}
	EndGlobalSection
EndGlobal
